{
  "name": "swc-plugin-js-transformer",
  "version": "0.0.1",
  "lockfileVersion": 2,
  "requires": true,
  "packages": {
    "": {
      "name": "swc-plugin-js-transformer",
      "version": "0.0.1",
      "license": "MIT",
      "devDependencies": {
        "@swc/core": "^1.3.69"
      }
    },
    "node_modules/@swc/core": {
      "version": "1.3.69",
      "resolved": "https://registry.npmjs.org/@swc/core/-/core-1.3.69.tgz",
      "integrity": "sha512-Khc/DE9D5+2tYTHgAIp5DZARbs8kldWg3b0Jp6l8FQLjelcLFmlQWSwKhVZrgv4oIbgZydIp8jInsvTalMHqnQ==",
      "dev": true,
      "hasInstallScript": true,
      "engines": {
        "node": ">=10"
      },
      "funding": {
        "type": "opencollective",
        "url": "https://opencollective.com/swc"
      },
      "optionalDependencies": {
        "@swc/core-darwin-arm64": "1.3.69",
        "@swc/core-darwin-x64": "1.3.69",
        "@swc/core-linux-arm-gnueabihf": "1.3.69",
        "@swc/core-linux-arm64-gnu": "1.3.69",
        "@swc/core-linux-arm64-musl": "1.3.69",
        "@swc/core-linux-x64-gnu": "1.3.69",
        "@swc/core-linux-x64-musl": "1.3.69",
        "@swc/core-win32-arm64-msvc": "1.3.69",
        "@swc/core-win32-ia32-msvc": "1.3.69",
        "@swc/core-win32-x64-msvc": "1.3.69"
      },
      "peerDependencies": {
        "@swc/helpers": "^0.5.0"
      },
      "peerDependenciesMeta": {
        "@swc/helpers": {
          "optional": true
        }
      }
    },
    "node_modules/@swc/core-darwin-arm64": {
      "version": "1.3.69",
      "resolved": "https://registry.npmjs.org/@swc/core-darwin-arm64/-/core-darwin-arm64-1.3.69.tgz",
      "integrity": "sha512-IjZTf12zIPWkV3D7toaLDoJPSkLhQ4fDH8G6/yCJUI27cBFOI3L8LXqptYmISoN5yYdrcnNpdqdapD09JPuNJg==",
      "cpu": [
        "arm64"
      ],
      "dev": true,
      "optional": true,
      "os": [
        "darwin"
      ],
      "engines": {
        "node": ">=10"
      }
    },
    "node_modules/@swc/core-darwin-x64": {
      "version": "1.3.69",
      "resolved": "https://registry.npmjs.org/@swc/core-darwin-x64/-/core-darwin-x64-1.3.69.tgz",
      "integrity": "sha512-/wBO0Rn5oS5dJI/L9kJRkPAdksVwl5H9nleW/NM3A40N98VV8T7h/i1nO051mxIjq0R6qXVGOWFbBoLrPYucJg==",
      "cpu": [
        "x64"
      ],
      "dev": true,
      "optional": true,
      "os": [
        "darwin"
      ],
      "engines": {
        "node": ">=10"
      }
    },
    "node_modules/@swc/core-linux-arm-gnueabihf": {
      "version": "1.3.69",
      "resolved": "https://registry.npmjs.org/@swc/core-linux-arm-gnueabihf/-/core-linux-arm-gnueabihf-1.3.69.tgz",
      "integrity": "sha512-NShCjMv6Xn8ckMKBRqmprXvUF14+jXY0TcNKXwjYErzoIUFOnG72M36HxT4QEeAtKZ4Eg4CZFE4zlJ27fDp1gg==",
      "cpu": [
        "arm"
      ],
      "dev": true,
      "optional": true,
      "os": [
        "linux"
      ],
      "engines": {
        "node": ">=10"
      }
    },
    "node_modules/@swc/core-linux-arm64-gnu": {
      "version": "1.3.69",
      "resolved": "https://registry.npmjs.org/@swc/core-linux-arm64-gnu/-/core-linux-arm64-gnu-1.3.69.tgz",
      "integrity": "sha512-VRPOJj4idopSHIj1bOVXX0SgaB18R8yZNunb7eXS5ZcjVxAcdvqyIz3RdQX1zaJFCGzcdPLzBRP32DZWWGE8Ng==",
      "cpu": [
        "arm64"
      ],
      "dev": true,
      "optional": true,
      "os": [
        "linux"
      ],
      "engines": {
        "node": ">=10"
      }
    },
    "node_modules/@swc/core-linux-arm64-musl": {
      "version": "1.3.69",
      "resolved": "https://registry.npmjs.org/@swc/core-linux-arm64-musl/-/core-linux-arm64-musl-1.3.69.tgz",
      "integrity": "sha512-QxeSiZqo5x1X8vq8oUWLibq+IZJcxl9vy0sLUmzdjF2b/Z+qxKP3gutxnb2tzJaHqPVBbEZaILERIGy1qWdumQ==",
      "cpu": [
        "arm64"
      ],
      "dev": true,
      "optional": true,
      "os": [
        "linux"
      ],
      "engines": {
        "node": ">=10"
      }
    },
    "node_modules/@swc/core-linux-x64-gnu": {
      "version": "1.3.69",
      "resolved": "https://registry.npmjs.org/@swc/core-linux-x64-gnu/-/core-linux-x64-gnu-1.3.69.tgz",
      "integrity": "sha512-b+DUlVxYox3BwD3PyTwhLvqtu6TYZtW+S6O0FnttH11o4skHN0XyJ/cUZSI0X2biSmfDsizRDUt1PWPFM+F7SA==",
      "cpu": [
        "x64"
      ],
      "dev": true,
      "optional": true,
      "os": [
        "linux"
      ],
      "engines": {
        "node": ">=10"
      }
    },
    "node_modules/@swc/core-linux-x64-musl": {
      "version": "1.3.69",
      "resolved": "https://registry.npmjs.org/@swc/core-linux-x64-musl/-/core-linux-x64-musl-1.3.69.tgz",
      "integrity": "sha512-QXjsI+f8n9XPZHUvmGgkABpzN4M9kdSbhqBOZmv3o0AsDGNCA4uVowQqgZoPFAqlJTpwHeDmrv5sQ13HN+LOGw==",
      "cpu": [
        "x64"
      ],
      "dev": true,
      "optional": true,
      "os": [
        "linux"
      ],
      "engines": {
        "node": ">=10"
      }
    },
    "node_modules/@swc/core-win32-arm64-msvc": {
      "version": "1.3.69",
      "resolved": "https://registry.npmjs.org/@swc/core-win32-arm64-msvc/-/core-win32-arm64-msvc-1.3.69.tgz",
      "integrity": "sha512-wn7A8Ws1fyviuCUB2Vg6IotiZeuqiO1Mz3d+YDae2EYyNpj1kNHvjBip8GHkfGzZG+jVrvG6NHsDo0KO/pGb8A==",
      "cpu": [
        "arm64"
      ],
      "dev": true,
      "optional": true,
      "os": [
        "win32"
      ],
      "engines": {
        "node": ">=10"
      }
    },
    "node_modules/@swc/core-win32-ia32-msvc": {
      "version": "1.3.69",
      "resolved": "https://registry.npmjs.org/@swc/core-win32-ia32-msvc/-/core-win32-ia32-msvc-1.3.69.tgz",
      "integrity": "sha512-LsFBXtXqxEcVaaOGEZ9X3qdMzobVoJqKv8DnksuDsWcBk+9WCeTz2u/iB+7yZ2HGuPXkCqTRqhFo6FX9aC00kQ==",
      "cpu": [
        "ia32"
      ],
      "dev": true,
      "optional": true,
      "os": [
        "win32"
      ],
      "engines": {
        "node": ">=10"
      }
    },
    "node_modules/@swc/core-win32-x64-msvc": {
      "version": "1.3.69",
      "resolved": "https://registry.npmjs.org/@swc/core-win32-x64-msvc/-/core-win32-x64-msvc-1.3.69.tgz",
      "integrity": "sha512-ieBscU0gUgKjaseFI07tAaGqHvKyweNknPeSYEZOasVZUczhD6fK2GRnVREhv2RB2qdKC/VGFBsgRDMgzq1VLw==",
      "cpu": [
        "x64"
      ],
      "dev": true,
      "optional": true,
      "os": [
        "win32"
      ],
      "engines": {
        "node": ">=10"
      }
    }
  },
  "dependencies": {
    "@swc/core": {
      "version": "1.3.69",
      "resolved": "https://registry.npmjs.org/@swc/core/-/core-1.3.69.tgz",
      "integrity": "sha512-Khc/DE9D5+2tYTHgAIp5DZARbs8kldWg3b0Jp6l8FQLjelcLFmlQWSwKhVZrgv4oIbgZydIp8jInsvTalMHqnQ==",
      "dev": true,
      "requires": {
        "@swc/core-darwin-arm64": "1.3.69",
        "@swc/core-darwin-x64": "1.3.69",
        "@swc/core-linux-arm-gnueabihf": "1.3.69",
        "@swc/core-linux-arm64-gnu": "1.3.69",
        "@swc/core-linux-arm64-musl": "1.3.69",
        "@swc/core-linux-x64-gnu": "1.3.69",
        "@swc/core-linux-x64-musl": "1.3.69",
        "@swc/core-win32-arm64-msvc": "1.3.69",
        "@swc/core-win32-ia32-msvc": "1.3.69",
        "@swc/core-win32-x64-msvc": "1.3.69"
      }
    },
    "@swc/core-darwin-arm64": {
      "version": "1.3.69",
      "resolved": "https://registry.npmjs.org/@swc/core-darwin-arm64/-/core-darwin-arm64-1.3.69.tgz",
      "integrity": "sha512-IjZTf12zIPWkV3D7toaLDoJPSkLhQ4fDH8G6/yCJUI27cBFOI3L8LXqptYmISoN5yYdrcnNpdqdapD09JPuNJg==",
      "dev": true,
      "optional": true
    },
    "@swc/core-darwin-x64": {
      "version": "1.3.69",
      "resolved": "https://registry.npmjs.org/@swc/core-darwin-x64/-/core-darwin-x64-1.3.69.tgz",
      "integrity": "sha512-/wBO0Rn5oS5dJI/L9kJRkPAdksVwl5H9nleW/NM3A40N98VV8T7h/i1nO051mxIjq0R6qXVGOWFbBoLrPYucJg==",
      "dev": true,
      "optional": true
    },
    "@swc/core-linux-arm-gnueabihf": {
      "version": "1.3.69",
      "resolved": "https://registry.npmjs.org/@swc/core-linux-arm-gnueabihf/-/core-linux-arm-gnueabihf-1.3.69.tgz",
      "integrity": "sha512-NShCjMv6Xn8ckMKBRqmprXvUF14+jXY0TcNKXwjYErzoIUFOnG72M36HxT4QEeAtKZ4Eg4CZFE4zlJ27fDp1gg==",
      "dev": true,
      "optional": true
    },
    "@swc/core-linux-arm64-gnu": {
      "version": "1.3.69",
      "resolved": "https://registry.npmjs.org/@swc/core-linux-arm64-gnu/-/core-linux-arm64-gnu-1.3.69.tgz",
      "integrity": "sha512-VRPOJj4idopSHIj1bOVXX0SgaB18R8yZNunb7eXS5ZcjVxAcdvqyIz3RdQX1zaJFCGzcdPLzBRP32DZWWGE8Ng==",
      "dev": true,
      "optional": true
    },
    "@swc/core-linux-arm64-musl": {
      "version": "1.3.69",
      "resolved": "https://registry.npmjs.org/@swc/core-linux-arm64-musl/-/core-linux-arm64-musl-1.3.69.tgz",
      "integrity": "sha512-QxeSiZqo5x1X8vq8oUWLibq+IZJcxl9vy0sLUmzdjF2b/Z+qxKP3gutxnb2tzJaHqPVBbEZaILERIGy1qWdumQ==",
      "dev": true,
      "optional": true
    },
    "@swc/core-linux-x64-gnu": {
      "version": "1.3.69",
      "resolved": "https://registry.npmjs.org/@swc/core-linux-x64-gnu/-/core-linux-x64-gnu-1.3.69.tgz",
      "integrity": "sha512-b+DUlVxYox3BwD3PyTwhLvqtu6TYZtW+S6O0FnttH11o4skHN0XyJ/cUZSI0X2biSmfDsizRDUt1PWPFM+F7SA==",
      "dev": true,
      "optional": true
    },
    "@swc/core-linux-x64-musl": {
      "version": "1.3.69",
      "resolved": "https://registry.npmjs.org/@swc/core-linux-x64-musl/-/core-linux-x64-musl-1.3.69.tgz",
      "integrity": "sha512-QXjsI+f8n9XPZHUvmGgkABpzN4M9kdSbhqBOZmv3o0AsDGNCA4uVowQqgZoPFAqlJTpwHeDmrv5sQ13HN+LOGw==",
      "dev": true,
      "optional": true
    },
    "@swc/core-win32-arm64-msvc": {
      "version": "1.3.69",
      "resolved": "https://registry.npmjs.org/@swc/core-win32-arm64-msvc/-/core-win32-arm64-msvc-1.3.69.tgz",
      "integrity": "sha512-wn7A8Ws1fyviuCUB2Vg6IotiZeuqiO1Mz3d+YDae2EYyNpj1kNHvjBip8GHkfGzZG+jVrvG6NHsDo0KO/pGb8A==",
      "dev": true,
      "optional": true
    },
    "@swc/core-win32-ia32-msvc": {
      "version": "1.3.69",
      "resolved": "https://registry.npmjs.org/@swc/core-win32-ia32-msvc/-/core-win32-ia32-msvc-1.3.69.tgz",
      "integrity": "sha512-LsFBXtXqxEcVaaOGEZ9X3qdMzobVoJqKv8DnksuDsWcBk+9WCeTz2u/iB+7yZ2HGuPXkCqTRqhFo6FX9aC00kQ==",
      "dev": true,
      "optional": true
    },
    "@swc/core-win32-x64-msvc": {
      "version": "1.3.69",
      "resolved": "https://registry.npmjs.org/@swc/core-win32-x64-msvc/-/core-win32-x64-msvc-1.3.69.tgz",
      "integrity": "sha512-ieBscU0gUgKjaseFI07tAaGqHvKyweNknPeSYEZOasVZUczhD6fK2GRnVREhv2RB2qdKC/VGFBsgRDMgzq1VLw==",
      "dev": true,
      "optional": true
    }
  }
}
